# This file is automatically @generated by Cargo.
# It is not intended for manual editing.
version = 4

[[package]]
name = "bitflags"
version = "1.0.4"
source = "registry+https://github.com/rust-lang/crates.io-index"
checksum = "228047a76f468627ca71776ecdebd732a3423081fcf5125585bcd7c49886ce12"

[[package]]
name = "byteorder"
version = "1.2.4"
source = "registry+https://github.com/rust-lang/crates.io-index"
checksum = "8389c509ec62b9fe8eca58c502a0acaf017737355615243496cde4994f8fa4f9"

[[package]]
name = "cached_file_view"
version = "0.1.4"
source = "registry+https://github.com/rust-lang/crates.io-index"
checksum = "ff7c01bfaa861412fbd7b0d85b11378424a576b18a5f90cacc94ae07cb0ba490"

[[package]]
name = "getopts"
version = "0.2.18"
source = "registry+https://github.com/rust-lang/crates.io-index"
checksum = "0a7292d30132fb5424b354f5dc02512a86e4c516fe544bb7a25e7f266951b797"
dependencies = [
 "unicode-width",
]

[[package]]
name = "glob"
version = "0.2.11"
source = "registry+https://github.com/rust-lang/crates.io-index"
checksum = "8be18de09a56b60ed0edf84bc9df007e30040691af7acd1c41874faac5895bfb"

[[package]]
name = "tw_pack_lib"
version = "0.1.21"
source = "registry+https://github.com/rust-lang/crates.io-index"
checksum = "2273a0bc19161974f22079280e79389fd3ae998f7ea8ac11c76dbc32de6a0d9c"
dependencies = [
 "bitflags",
 "byteorder",
 "cached_file_view",
]

[[package]]
name = "tw_unpack"
version = "0.1.11"
dependencies = [
 "getopts",
 "glob",
 "tw_pack_lib",
]

[[package]]
name = "unicode-width"
version = "0.1.5"
source = "registry+https://github.com/rust-lang/crates.io-index"
checksum = "882386231c45df4700b275c7ff55b6f3698780a650026380e72dabe76fa46526"
